
Microsoft Visual Studio Solution File, Format Version 12.00
# Visual Studio Version 17
VisualStudioVersion = 17.3.32901.215
MinimumVisualStudioVersion = 10.0.40219.1
Project("{FAE04EC0-301F-11D3-BF4B-00C04F79EFBC}") = "PraiseUS", "PraiseUS\PraiseUS.csproj", "{72A7A22D-AFC1-410A-8636-74B702DBBBFE}"
EndProject
Global
	GlobalSection(SolutionConfigurationPlatforms) = preSolution
		Debug|Any CPU = Debug|Any CPU
		Release|Any CPU = Release|Any CPU
	EndGlobalSection
	GlobalSection(ProjectConfigurationPlatforms) = postSolution
		{72A7A22D-AFC1-410A-8636-74B702DBBBFE}.Debug|Any CPU.ActiveCfg = Debug|Any CPU
		{72A7A22D-AFC1-410A-8636-74B702DBBBFE}.Debug|Any CPU.Build.0 = Debug|Any CPU
		{72A7A22D-AFC1-410A-8636-74B702DBBBFE}.Release|Any CPU.ActiveCfg = Release|Any CPU
		{72A7A22D-AFC1-410A-8636-74B702DBBBFE}.Release|Any CPU.Build.0 = Release|Any CPU
	EndGlobalSection
	GlobalSection(SolutionProperties) = preSolution
		HideSolutionNode = FALSE
	EndGlobalSection
	GlobalSection(ExtensibilityGlobals) = postSolution
		SolutionGuid = {40A225C6-843E-4B5A-B5C9-F2C472C46C85}
	EndGlobalSection
EndGlobal
